
Microsoft Visual Studio Solution File, Format Version 12.00
# Visual Studio Version 17
VisualStudioVersion = 17.4.33122.133
MinimumVisualStudioVersion = 10.0.40219.1
Project("{9A19103F-16F7-4668-BE54-9A1E7A4F7556}") = "stampede-buddy", "stampede-buddy\stampede-buddy.csproj", "{61F4D04A-ABB6-44D0-8DE9-BC80164CF5C9}"
EndProject
Global
	GlobalSection(SolutionConfigurationPlatforms) = preSolution
		Debug|Any CPU = Debug|Any CPU
		Release|Any CPU = Release|Any CPU
	EndGlobalSection
	GlobalSection(ProjectConfigurationPlatforms) = postSolution
		{61F4D04A-ABB6-44D0-8DE9-BC80164CF5C9}.Debug|Any CPU.ActiveCfg = Debug|Any CPU
		{61F4D04A-ABB6-44D0-8DE9-BC80164CF5C9}.Debug|Any CPU.Build.0 = Debug|Any CPU
		{61F4D04A-ABB6-44D0-8DE9-BC80164CF5C9}.Release|Any CPU.ActiveCfg = Release|Any CPU
		{61F4D04A-ABB6-44D0-8DE9-BC80164CF5C9}.Release|Any CPU.Build.0 = Release|Any CPU
	EndGlobalSection
	GlobalSection(SolutionProperties) = preSolution
		HideSolutionNode = FALSE
	EndGlobalSection
	GlobalSection(ExtensibilityGlobals) = postSolution
		SolutionGuid = {BB5DC8BB-908D-4EAA-BEA6-1CB88CC3DC6F}
	EndGlobalSection
EndGlobal
